<?xml version="1.0" encoding="utf-8"?>
<Project ToolsVersion="4.0" xmlns="http://schemas.microsoft.com/developer/msbuild/2003">
  <ItemGroup>
    <ClCompile Include="src\IDirect3D9Hook.cpp">
      <Filter>Source files\d3d</Filter>
    </ClCompile>
    <ClCompile Include="src\IDirect3DDevice9Hook.cpp">
      <Filter>Source files\d3d</Filter>
    </ClCompile>
    <ClCompile Include="src\driv3r.cpp">
      <Filter>Source files\driv3r</Filter>
    </ClCompile>
    <ClCompile Include="src\logfile.cpp">
      <Filter>Source files</Filter>
    </ClCompile>
    <ClCompile Include="src\main.cpp">
      <Filter>Source files</Filter>
    </ClCompile>
    <ClCompile Include="src\util.cpp">
      <Filter>Source files</Filter>
    </ClCompile>
    <ClCompile Include="src\hooksystem.cpp">
      <Filter>Source files</Filter>
    </ClCompile>
    <ClCompile Include="src\CFileChunker.cpp">
      <Filter>Source files\driv3r</Filter>
    </ClCompile>
    <ClCompile Include="src\hamster.cpp">
      <Filter>Source files\hamster</Filter>
    </ClCompile>
    <ClCompile Include="src\VehicleManager.cpp">
      <Filter>Source files\driv3r</Filter>
    </ClCompile>
    <ClCompile Include="src\renderer.cpp">
      <Filter>Source files\driv3r</Filter>
    </ClCompile>
    <ClCompile Include="src\patch.cpp" />
    <ClCompile Include="src\fiero.cpp" />
    <ClCompile Include="src\CVehicle.cpp">
      <Filter>Source files\driv3r</Filter>
    </ClCompile>
  </ItemGroup>
  <ItemGroup>
    <Filter Include="Source files">
      <UniqueIdentifier>{7b8dd548-683d-4828-937b-4ab2edf31f1f}</UniqueIdentifier>
    </Filter>
    <Filter Include="Source files\hamster">
      <UniqueIdentifier>{e8af3975-ae5b-4b14-bc64-85a92e94f6e3}</UniqueIdentifier>
    </Filter>
    <Filter Include="Source files\driv3r">
      <UniqueIdentifier>{c24afde7-bfd6-489d-a992-356d31aaa5aa}</UniqueIdentifier>
    </Filter>
    <Filter Include="Source files\d3d">
      <UniqueIdentifier>{f883f4ab-1491-4ad1-aebb-46e5f3752643}</UniqueIdentifier>
    </Filter>
  </ItemGroup>
  <ItemGroup>
    <ClInclude Include="src\IDirect3D9Hook.h">
      <Filter>Source files\d3d</Filter>
    </ClInclude>
    <ClInclude Include="src\IDirect3DDevice9Hook.h">
      <Filter>Source files\d3d</Filter>
    </ClInclude>
    <ClInclude Include="src\d3dhook.h">
      <Filter>Source files\d3d</Filter>
    </ClInclude>
    <ClInclude Include="src\IUserCommandProxy.h">
      <Filter>Source files\hamster</Filter>
    </ClInclude>
    <ClInclude Include="src\hamster.h">
      <Filter>Source files\hamster</Filter>
    </ClInclude>
    <ClInclude Include="src\CFileChunker.h">
      <Filter>Source files\driv3r</Filter>
    </ClInclude>
    <ClInclude Include="src\driv3r.h">
      <Filter>Source files\driv3r</Filter>
    </ClInclude>
    <ClInclude Include="src\common.h">
      <Filter>Source files</Filter>
    </ClInclude>
    <ClInclude Include="src\hook.h">
      <Filter>Source files</Filter>
    </ClInclude>
    <ClInclude Include="src\hooksystem.h">
      <Filter>Source files</Filter>
    </ClInclude>
    <ClInclude Include="src\logfile.h">
      <Filter>Source files</Filter>
    </ClInclude>
    <ClInclude Include="src\main.h">
      <Filter>Source files</Filter>
    </ClInclude>
    <ClInclude Include="src\util.h">
      <Filter>Source files</Filter>
    </ClInclude>
    <ClInclude Include="src\FileChunker.h">
      <Filter>Source files\hamster</Filter>
    </ClInclude>
    <ClInclude Include="src\models.h">
      <Filter>Source files\driv3r</Filter>
    </ClInclude>
    <ClInclude Include="src\types.h">
      <Filter>Source files\hamster</Filter>
    </ClInclude>
    <ClInclude Include="src\CVehicle.h">
      <Filter>Source files\driv3r</Filter>
    </ClInclude>
    <ClInclude Include="src\Vehicles_Common.h">
      <Filter>Source files\driv3r</Filter>
    </ClInclude>
    <ClInclude Include="src\VehicleManager.h">
      <Filter>Source files\driv3r</Filter>
    </ClInclude>
    <ClInclude Include="src\renderer.h">
      <Filter>Source files\driv3r</Filter>
    </ClInclude>
    <ClInclude Include="src\fiero.h" />
    <ClInclude Include="src\patch.h" />
  </ItemGroup>
</Project>